Microsoft Visual Studio Solution File, Format Version 11.00
# Visual C++ Express 2010
Project("{8BC9CEB8-8B4A-11D0-8D11-00A0C91BC942}") = "ALL_BUILD", "ALL_BUILD.vcxproj", "{164DD423-AB68-4F5B-89D5-1EDC8BDA2202}"
	ProjectSection(ProjectDependencies) = postProject
		{FACD401E-FDBB-4CBB-B508-832A50D90B58} = {FACD401E-FDBB-4CBB-B508-832A50D90B58}
		{93356F60-2052-4F17-ACB6-01D127AE7447} = {93356F60-2052-4F17-ACB6-01D127AE7447}
		{FAB40DEA-25A2-4308-9FB1-25DB3A157102} = {FAB40DEA-25A2-4308-9FB1-25DB3A157102}
	EndProjectSection
EndProject
Project("{8BC9CEB8-8B4A-11D0-8D11-00A0C91BC942}") = "ZERO_CHECK", "ZERO_CHECK.vcxproj", "{FACD401E-FDBB-4CBB-B508-832A50D90B58}"
	ProjectSection(ProjectDependencies) = postProject
	EndProjectSection
EndProject
Project("{8BC9CEB8-8B4A-11D0-8D11-00A0C91BC942}") = "sf", "sf.vcxproj", "{93356F60-2052-4F17-ACB6-01D127AE7447}"
	ProjectSection(ProjectDependencies) = postProject
		{FACD401E-FDBB-4CBB-B508-832A50D90B58} = {FACD401E-FDBB-4CBB-B508-832A50D90B58}
	EndProjectSection
EndProject
Project("{8BC9CEB8-8B4A-11D0-8D11-00A0C91BC942}") = "sufpref2", "sufpref2.vcxproj", "{FAB40DEA-25A2-4308-9FB1-25DB3A157102}"
	ProjectSection(ProjectDependencies) = postProject
		{FACD401E-FDBB-4CBB-B508-832A50D90B58} = {FACD401E-FDBB-4CBB-B508-832A50D90B58}
	EndProjectSection
EndProject
Global
	GlobalSection(SolutionConfigurationPlatforms) = preSolution
		Debug|Win32 = Debug|Win32
		Release|Win32 = Release|Win32
		MinSizeRel|Win32 = MinSizeRel|Win32
		RelWithDebInfo|Win32 = RelWithDebInfo|Win32
	EndGlobalSection
	GlobalSection(ProjectConfigurationPlatforms) = postSolution
		{164DD423-AB68-4F5B-89D5-1EDC8BDA2202}.Debug|Win32.ActiveCfg = Debug|Win32
		{164DD423-AB68-4F5B-89D5-1EDC8BDA2202}.Release|Win32.ActiveCfg = Release|Win32
		{164DD423-AB68-4F5B-89D5-1EDC8BDA2202}.MinSizeRel|Win32.ActiveCfg = MinSizeRel|Win32
		{164DD423-AB68-4F5B-89D5-1EDC8BDA2202}.RelWithDebInfo|Win32.ActiveCfg = RelWithDebInfo|Win32
		{FACD401E-FDBB-4CBB-B508-832A50D90B58}.Debug|Win32.ActiveCfg = Debug|Win32
		{FACD401E-FDBB-4CBB-B508-832A50D90B58}.Debug|Win32.Build.0 = Debug|Win32
		{FACD401E-FDBB-4CBB-B508-832A50D90B58}.Release|Win32.ActiveCfg = Release|Win32
		{FACD401E-FDBB-4CBB-B508-832A50D90B58}.Release|Win32.Build.0 = Release|Win32
		{FACD401E-FDBB-4CBB-B508-832A50D90B58}.MinSizeRel|Win32.ActiveCfg = MinSizeRel|Win32
		{FACD401E-FDBB-4CBB-B508-832A50D90B58}.MinSizeRel|Win32.Build.0 = MinSizeRel|Win32
		{FACD401E-FDBB-4CBB-B508-832A50D90B58}.RelWithDebInfo|Win32.ActiveCfg = RelWithDebInfo|Win32
		{FACD401E-FDBB-4CBB-B508-832A50D90B58}.RelWithDebInfo|Win32.Build.0 = RelWithDebInfo|Win32
		{93356F60-2052-4F17-ACB6-01D127AE7447}.Debug|Win32.ActiveCfg = Debug|Win32
		{93356F60-2052-4F17-ACB6-01D127AE7447}.Debug|Win32.Build.0 = Debug|Win32
		{93356F60-2052-4F17-ACB6-01D127AE7447}.Release|Win32.ActiveCfg = Release|Win32
		{93356F60-2052-4F17-ACB6-01D127AE7447}.Release|Win32.Build.0 = Release|Win32
		{93356F60-2052-4F17-ACB6-01D127AE7447}.MinSizeRel|Win32.ActiveCfg = MinSizeRel|Win32
		{93356F60-2052-4F17-ACB6-01D127AE7447}.MinSizeRel|Win32.Build.0 = MinSizeRel|Win32
		{93356F60-2052-4F17-ACB6-01D127AE7447}.RelWithDebInfo|Win32.ActiveCfg = RelWithDebInfo|Win32
		{93356F60-2052-4F17-ACB6-01D127AE7447}.RelWithDebInfo|Win32.Build.0 = RelWithDebInfo|Win32
		{FAB40DEA-25A2-4308-9FB1-25DB3A157102}.Debug|Win32.ActiveCfg = Debug|Win32
		{FAB40DEA-25A2-4308-9FB1-25DB3A157102}.Debug|Win32.Build.0 = Debug|Win32
		{FAB40DEA-25A2-4308-9FB1-25DB3A157102}.Release|Win32.ActiveCfg = Release|Win32
		{FAB40DEA-25A2-4308-9FB1-25DB3A157102}.Release|Win32.Build.0 = Release|Win32
		{FAB40DEA-25A2-4308-9FB1-25DB3A157102}.MinSizeRel|Win32.ActiveCfg = MinSizeRel|Win32
		{FAB40DEA-25A2-4308-9FB1-25DB3A157102}.MinSizeRel|Win32.Build.0 = MinSizeRel|Win32
		{FAB40DEA-25A2-4308-9FB1-25DB3A157102}.RelWithDebInfo|Win32.ActiveCfg = RelWithDebInfo|Win32
		{FAB40DEA-25A2-4308-9FB1-25DB3A157102}.RelWithDebInfo|Win32.Build.0 = RelWithDebInfo|Win32
	EndGlobalSection
	GlobalSection(ExtensibilityGlobals) = postSolution
	EndGlobalSection
	GlobalSection(ExtensibilityAddIns) = postSolution
	EndGlobalSection
EndGlobal
