<?xml version="1.0" encoding="utf-8"?>
<Project ToolsVersion="4.0" xmlns="http://schemas.microsoft.com/developer/msbuild/2003">
  <ItemGroup>
    <ClCompile Include="ac_trie.cpp">
      <Filter>Source Files</Filter>
    </ClCompile>
    <ClCompile Include="bprob_graf.cpp">
      <Filter>Source Files</Filter>
    </ClCompile>
    <ClCompile Include="d_hhm_prob.cpp">
      <Filter>Source Files</Filter>
    </ClCompile>
    <ClCompile Include="hmm_ovgraf.cpp">
      <Filter>Source Files</Filter>
    </ClCompile>
    <ClCompile Include="hmm_preprocessing.cpp">
      <Filter>Source Files</Filter>
    </ClCompile>
    <ClCompile Include="h_m_ovgraf.cpp">
      <Filter>Source Files</Filter>
    </ClCompile>
    <ClCompile Include="maindata.cpp">
      <Filter>Source Files</Filter>
    </ClCompile>
    <ClCompile Include="mmodel_prob.cpp">
      <Filter>Source Files</Filter>
    </ClCompile>
    <ClCompile Include="m_ovgraf.cpp">
      <Filter>Source Files</Filter>
    </ClCompile>
    <ClCompile Include="nd_hhm_prob.cpp">
      <Filter>Source Files</Filter>
    </ClCompile>
    <ClCompile Include="nodeinit.cpp">
      <Filter>Source Files</Filter>
    </ClCompile>
    <ClCompile Include="ov_graf.cpp">
      <Filter>Source Files</Filter>
    </ClCompile>
    <ClCompile Include="sufpref2.cpp">
      <Filter>Source Files</Filter>
    </ClCompile>
    <ClCompile Include="sf_main.cpp">
      <Filter>Source Files</Filter>
    </ClCompile>
    <ClCompile Include="sfmodule.c">
      <Filter>Source Files</Filter>
    </ClCompile>
  </ItemGroup>
  <ItemGroup>
    <CustomBuild Include="CMakeLists.txt" />
  </ItemGroup>
  <ItemGroup>
    <Filter Include="Source Files">
      <UniqueIdentifier>{38E21F85-034B-4CAE-8322-EBEC0F269E13}</UniqueIdentifier>
    </Filter>
  </ItemGroup>
</Project>
